// !$*UTF8*$!
{
	archiveVersion = 1;
	classes = {
	};
	objectVersion = 50;
	objects = {

/* Begin PBXBuildFile section */
		4A7BE9DC2549C58B003C8449 /* AppDelegate.swift in Sources */ = {isa = PBXBuildFile; fileRef = 4A7BE9DB2549C58B003C8449 /* AppDelegate.swift */; };
		4A7BE9DE2549C58B003C8449 /* art.scnassets in Resources */ = {isa = PBXBuildFile; fileRef = 4A7BE9DD2549C58B003C8449 /* art.scnassets */; };
		4A7BE9E02549C58B003C8449 /* ViewController.swift in Sources */ = {isa = PBXBuildFile; fileRef = 4A7BE9DF2549C58B003C8449 /* ViewController.swift */; };
		4A7BE9E32549C58B003C8449 /* Main.storyboard in Resources */ = {isa = PBXBuildFile; fileRef = 4A7BE9E12549C58B003C8449 /* Main.storyboard */; };
		4A7BE9E52549C58F003C8449 /* Assets.xcassets in Resources */ = {isa = PBXBuildFile; fileRef = 4A7BE9E42549C58F003C8449 /* Assets.xcassets */; };
		4A7BE9E82549C58F003C8449 /* LaunchScreen.storyboard in Resources */ = {isa = PBXBuildFile; fileRef = 4A7BE9E62549C58F003C8449 /* LaunchScreen.storyboard */; };
		4A7BE9F32549C590003C8449 /* Magic_PaperTests.swift in Sources */ = {isa = PBXBuildFile; fileRef = 4A7BE9F22549C590003C8449 /* Magic_PaperTests.swift */; };
		4A7BE9FE2549C590003C8449 /* Magic_PaperUITests.swift in Sources */ = {isa = PBXBuildFile; fileRef = 4A7BE9FD2549C590003C8449 /* Magic_PaperUITests.swift */; };
		4A7BEA0F2549C5E7003C8449 /* harryPotter.mp4 in Resources */ = {isa = PBXBuildFile; fileRef = 4A7BEA0E2549C5E7003C8449 /* harryPotter.mp4 */; };
/* End PBXBuildFile section */

/* Begin PBXContainerItemProxy section */
		4A7BE9EF2549C590003C8449 /* PBXContainerItemProxy */ = {
			isa = PBXContainerItemProxy;
			containerPortal = 4A7BE9D02549C58B003C8449 /* Project object */;
			proxyType = 1;
			remoteGlobalIDString = 4A7BE9D72549C58B003C8449;
			remoteInfo = "Magic Paper";
		};
		4A7BE9FA2549C590003C8449 /* PBXContainerItemProxy */ = {
			isa = PBXContainerItemProxy;
			containerPortal = 4A7BE9D02549C58B003C8449 /* Project object */;
			proxyType = 1;
			remoteGlobalIDString = 4A7BE9D72549C58B003C8449;
			remoteInfo = "Magic Paper";
		};
/* End PBXContainerItemProxy section */

/* Begin PBXFileReference section */
		4A7BE9D82549C58B003C8449 /* Magic Paper.app */ = {isa = PBXFileReference; explicitFileType = wrapper.application; includeInIndex = 0; path = "Magic Paper.app"; sourceTree = BUILT_PRODUCTS_DIR; };
		4A7BE9DB2549C58B003C8449 /* AppDelegate.swift */ = {isa = PBXFileReference; lastKnownFileType = sourcecode.swift; path = AppDelegate.swift; sourceTree = "<group>"; };
		4A7BE9DD2549C58B003C8449 /* art.scnassets */ = {isa = PBXFileReference; lastKnownFileType = wrapper.scnassets; path = art.scnassets; sourceTree = "<group>"; };
		4A7BE9DF2549C58B003C8449 /* ViewController.swift */ = {isa = PBXFileReference; lastKnownFileType = sourcecode.swift; path = ViewController.swift; sourceTree = "<group>"; };
		4A7BE9E22549C58B003C8449 /* Base */ = {isa = PBXFileReference; lastKnownFileType = file.storyboard; name = Base; path = Base.lproj/Main.storyboard; sourceTree = "<group>"; };
		4A7BE9E42549C58F003C8449 /* Assets.xcassets */ = {isa = PBXFileReference; lastKnownFileType = folder.assetcatalog; path = Assets.xcassets; sourceTree = "<group>"; };
		4A7BE9E72549C58F003C8449 /* Base */ = {isa = PBXFileReference; lastKnownFileType = file.storyboard; name = Base; path = Base.lproj/LaunchScreen.storyboard; sourceTree = "<group>"; };
		4A7BE9E92549C58F003C8449 /* Info.plist */ = {isa = PBXFileReference; lastKnownFileType = text.plist.xml; path = Info.plist; sourceTree = "<group>"; };
		4A7BE9EE2549C590003C8449 /* Magic PaperTests.xctest */ = {isa = PBXFileReference; explicitFileType = wrapper.cfbundle; includeInIndex = 0; path = "Magic PaperTests.xctest"; sourceTree = BUILT_PRODUCTS_DIR; };
		4A7BE9F22549C590003C8449 /* Magic_PaperTests.swift */ = {isa = PBXFileReference; lastKnownFileType = sourcecode.swift; path = Magic_PaperTests.swift; sourceTree = "<group>"; };
		4A7BE9F42549C590003C8449 /* Info.plist */ = {isa = PBXFileReference; lastKnownFileType = text.plist.xml; path = Info.plist; sourceTree = "<group>"; };
		4A7BE9F92549C590003C8449 /* Magic PaperUITests.xctest */ = {isa = PBXFileReference; explicitFileType = wrapper.cfbundle; includeInIndex = 0; path = "Magic PaperUITests.xctest"; sourceTree = BUILT_PRODUCTS_DIR; };
		4A7BE9FD2549C590003C8449 /* Magic_PaperUITests.swift */ = {isa = PBXFileReference; lastKnownFileType = sourcecode.swift; path = Magic_PaperUITests.swift; sourceTree = "<group>"; };
		4A7BE9FF2549C590003C8449 /* Info.plist */ = {isa = PBXFileReference; lastKnownFileType = text.plist.xml; path = Info.plist; sourceTree = "<group>"; };
		4A7BEA0E2549C5E7003C8449 /* harryPotter.mp4 */ = {isa = PBXFileReference; lastKnownFileType = file; path = harryPotter.mp4; sourceTree = "<group>"; };
/* End PBXFileReference section */

/* Begin PBXFrameworksBuildPhase section */
		4A7BE9D52549C58B003C8449 /* Frameworks */ = {
			isa = PBXFrameworksBuildPhase;
			buildActionMask = 2147483647;
			files = (
			);
			runOnlyForDeploymentPostprocessing = 0;
		};
		4A7BE9EB2549C590003C8449 /* Frameworks */ = {
			isa = PBXFrameworksBuildPhase;
			buildActionMask = 2147483647;
			files = (
			);
			runOnlyForDeploymentPostprocessing = 0;
		};
		4A7BE9F62549C590003C8449 /* Frameworks */ = {
			isa = PBXFrameworksBuildPhase;
			buildActionMask = 2147483647;
			files = (
			);
			runOnlyForDeploymentPostprocessing = 0;
		};
/* End PBXFrameworksBuildPhase section */

/* Begin PBXGroup section */
		4A7BE9CF2549C58B003C8449 = {
			isa = PBXGroup;
			children = (
				4A7BE9DA2549C58B003C8449 /* Magic Paper */,
				4A7BE9F12549C590003C8449 /* Magic PaperTests */,
				4A7BE9FC2549C590003C8449 /* Magic PaperUITests */,
				4A7BE9D92549C58B003C8449 /* Products */,
			);
			sourceTree = "<group>";
		};
		4A7BE9D92549C58B003C8449 /* Products */ = {
			isa = PBXGroup;
			children = (
				4A7BE9D82549C58B003C8449 /* Magic Paper.app */,
				4A7BE9EE2549C590003C8449 /* Magic PaperTests.xctest */,
				4A7BE9F92549C590003C8449 /* Magic PaperUITests.xctest */,
			);
			name = Products;
			sourceTree = "<group>";
		};
		4A7BE9DA2549C58B003C8449 /* Magic Paper */ = {
			isa = PBXGroup;
			children = (
				4A7BEA0E2549C5E7003C8449 /* harryPotter.mp4 */,
				4A7BE9DB2549C58B003C8449 /* AppDelegate.swift */,
				4A7BE9DD2549C58B003C8449 /* art.scnassets */,
				4A7BE9DF2549C58B003C8449 /* ViewController.swift */,
				4A7BE9E12549C58B003C8449 /* Main.storyboard */,
				4A7BE9E42549C58F003C8449 /* Assets.xcassets */,
				4A7BE9E62549C58F003C8449 /* LaunchScreen.storyboard */,
				4A7BE9E92549C58F003C8449 /* Info.plist */,
			);
			path = "Magic Paper";
			sourceTree = "<group>";
		};
		4A7BE9F12549C590003C8449 /* Magic PaperTests */ = {
			isa = PBXGroup;
			children = (
				4A7BE9F22549C590003C8449 /* Magic_PaperTests.swift */,
				4A7BE9F42549C590003C8449 /* Info.plist */,
			);
			path = "Magic PaperTests";
			sourceTree = "<group>";
		};
		4A7BE9FC2549C590003C8449 /* Magic PaperUITests */ = {
			isa = PBXGroup;
			children = (
				4A7BE9FD2549C590003C8449 /* Magic_PaperUITests.swift */,
				4A7BE9FF2549C590003C8449 /* Info.plist */,
			);
			path = "Magic PaperUITests";
			sourceTree = "<group>";
		};
/* End PBXGroup section */

/* Begin PBXNativeTarget section */
		4A7BE9D72549C58B003C8449 /* Magic Paper */ = {
			isa = PBXNativeTarget;
			buildConfigurationList = 4A7BEA022549C590003C8449 /* Build configuration list for PBXNativeTarget "Magic Paper" */;
			buildPhases = (
				4A7BE9D42549C58B003C8449 /* Sources */,
				4A7BE9D52549C58B003C8449 /* Frameworks */,
				4A7BE9D62549C58B003C8449 /* Resources */,
			);
			buildRules = (
			);
			dependencies = (
			);
			name = "Magic Paper";
			productName = "Magic Paper";
			productReference = 4A7BE9D82549C58B003C8449 /* Magic Paper.app */;
			productType = "com.apple.product-type.application";
		};
		4A7BE9ED2549C590003C8449 /* Magic PaperTests */ = {
			isa = PBXNativeTarget;
			buildConfigurationList = 4A7BEA052549C590003C8449 /* Build configuration list for PBXNativeTarget "Magic PaperTests" */;
			buildPhases = (
				4A7BE9EA2549C590003C8449 /* Sources */,
				4A7BE9EB2549C590003C8449 /* Frameworks */,
				4A7BE9EC2549C590003C8449 /* Resources */,
			);
			buildRules = (
			);
			dependencies = (
				4A7BE9F02549C590003C8449 /* PBXTargetDependency */,
			);
			name = "Magic PaperTests";
			productName = "Magic PaperTests";
			productReference = 4A7BE9EE2549C590003C8449 /* Magic PaperTests.xctest */;
			productType = "com.apple.product-type.bundle.unit-test";
		};
		4A7BE9F82549C590003C8449 /* Magic PaperUITests */ = {
			isa = PBXNativeTarget;
			buildConfigurationList = 4A7BEA082549C590003C8449 /* Build configuration list for PBXNativeTarget "Magic PaperUITests" */;
			buildPhases = (
				4A7BE9F52549C590003C8449 /* Sources */,
				4A7BE9F62549C590003C8449 /* Frameworks */,
				4A7BE9F72549C590003C8449 /* Resources */,
			);
			buildRules = (
			);
			dependencies = (
				4A7BE9FB2549C590003C8449 /* PBXTargetDependency */,
			);
			name = "Magic PaperUITests";
			productName = "Magic PaperUITests";
			productReference = 4A7BE9F92549C590003C8449 /* Magic PaperUITests.xctest */;
			productType = "com.apple.product-type.bundle.ui-testing";
		};
/* End PBXNativeTarget section */

/* Begin PBXProject section */
		4A7BE9D02549C58B003C8449 /* Project object */ = {
			isa = PBXProject;
			attributes = {
				LastSwiftUpdateCheck = 1210;
				LastUpgradeCheck = 1210;
				TargetAttributes = {
					4A7BE9D72549C58B003C8449 = {
						CreatedOnToolsVersion = 12.1;
					};
					4A7BE9ED2549C590003C8449 = {
						CreatedOnToolsVersion = 12.1;
						TestTargetID = 4A7BE9D72549C58B003C8449;
					};
					4A7BE9F82549C590003C8449 = {
						CreatedOnToolsVersion = 12.1;
						TestTargetID = 4A7BE9D72549C58B003C8449;
					};
				};
			};
			buildConfigurationList = 4A7BE9D32549C58B003C8449 /* Build configuration list for PBXProject "Magic Paper" */;
			compatibilityVersion = "Xcode 9.3";
			developmentRegion = en;
			hasScannedForEncodings = 0;
			knownRegions = (
				en,
				Base,
			);
			mainGroup = 4A7BE9CF2549C58B003C8449;
			productRefGroup = 4A7BE9D92549C58B003C8449 /* Products */;
			projectDirPath = "";
			projectRoot = "";
			targets = (
				4A7BE9D72549C58B003C8449 /* Magic Paper */,
				4A7BE9ED2549C590003C8449 /* Magic PaperTests */,
				4A7BE9F82549C590003C8449 /* Magic PaperUITests */,
			);
		};
/* End PBXProject section */

/* Begin PBXResourcesBuildPhase section */
		4A7BE9D62549C58B003C8449 /* Resources */ = {
			isa = PBXResourcesBuildPhase;
			buildActionMask = 2147483647;
			files = (
				4A7BEA0F2549C5E7003C8449 /* harryPotter.mp4 in Resources */,
				4A7BE9DE2549C58B003C8449 /* art.scnassets in Resources */,
				4A7BE9E82549C58F003C8449 /* LaunchScreen.storyboard in Resources */,
				4A7BE9E52549C58F003C8449 /* Assets.xcassets in Resources */,
				4A7BE9E32549C58B003C8449 /* Main.storyboard in Resources */,
			);
			runOnlyForDeploymentPostprocessing = 0;
		};
		4A7BE9EC2549C590003C8449 /* Resources */ = {
			isa = PBXResourcesBuildPhase;
			buildActionMask = 2147483647;
			files = (
			);
			runOnlyForDeploymentPostprocessing = 0;
		};
		4A7BE9F72549C590003C8449 /* Resources */ = {
			isa = PBXResourcesBuildPhase;
			buildActionMask = 2147483647;
			files = (
			);
			runOnlyForDeploymentPostprocessing = 0;
		};
/* End PBXResourcesBuildPhase section */

/* Begin PBXSourcesBuildPhase section */
		4A7BE9D42549C58B003C8449 /* Sources */ = {
			isa = PBXSourcesBuildPhase;
			buildActionMask = 2147483647;
			files = (
				4A7BE9E02549C58B003C8449 /* ViewController.swift in Sources */,
				4A7BE9DC2549C58B003C8449 /* AppDelegate.swift in Sources */,
			);
			runOnlyForDeploymentPostprocessing = 0;
		};
		4A7BE9EA2549C590003C8449 /* Sources */ = {
			isa = PBXSourcesBuildPhase;
			buildActionMask = 2147483647;
			files = (
				4A7BE9F32549C590003C8449 /* Magic_PaperTests.swift in Sources */,
			);
			runOnlyForDeploymentPostprocessing = 0;
		};
		4A7BE9F52549C590003C8449 /* Sources */ = {
			isa = PBXSourcesBuildPhase;
			buildActionMask = 2147483647;
			files = (
				4A7BE9FE2549C590003C8449 /* Magic_PaperUITests.swift in Sources */,
			);
			runOnlyForDeploymentPostprocessing = 0;
		};
/* End PBXSourcesBuildPhase section */

/* Begin PBXTargetDependency section */
		4A7BE9F02549C590003C8449 /* PBXTargetDependency */ = {
			isa = PBXTargetDependency;
			target = 4A7BE9D72549C58B003C8449 /* Magic Paper */;
			targetProxy = 4A7BE9EF2549C590003C8449 /* PBXContainerItemProxy */;
		};
		4A7BE9FB2549C590003C8449 /* PBXTargetDependency */ = {
			isa = PBXTargetDependency;
			target = 4A7BE9D72549C58B003C8449 /* Magic Paper */;
			targetProxy = 4A7BE9FA2549C590003C8449 /* PBXContainerItemProxy */;
		};
/* End PBXTargetDependency section */

/* Begin PBXVariantGroup section */
		4A7BE9E12549C58B003C8449 /* Main.storyboard */ = {
			isa = PBXVariantGroup;
			children = (
				4A7BE9E22549C58B003C8449 /* Base */,
			);
			name = Main.storyboard;
			sourceTree = "<group>";
		};
		4A7BE9E62549C58F003C8449 /* LaunchScreen.storyboard */ = {
			isa = PBXVariantGroup;
			children = (
				4A7BE9E72549C58F003C8449 /* Base */,
			);
			name = LaunchScreen.storyboard;
			sourceTree = "<group>";
		};
/* End PBXVariantGroup section */

/* Begin XCBuildConfiguration section */
		4A7BEA002549C590003C8449 /* Debug */ = {
			isa = XCBuildConfiguration;
			buildSettings = {
				ALWAYS_SEARCH_USER_PATHS = NO;
				CLANG_ANALYZER_NONNULL = YES;
				CLANG_ANALYZER_NUMBER_OBJECT_CONVERSION = YES_AGGRESSIVE;
				CLANG_CXX_LANGUAGE_STANDARD = "gnu++14";
				CLANG_CXX_LIBRARY = "libc++";
				CLANG_ENABLE_MODULES = YES;
				CLANG_ENABLE_OBJC_ARC = YES;
				CLANG_ENABLE_OBJC_WEAK = YES;
				CLANG_WARN_BLOCK_CAPTURE_AUTORELEASING = YES;
				CLANG_WARN_BOOL_CONVERSION = YES;
				CLANG_WARN_COMMA = YES;
				CLANG_WARN_CONSTANT_CONVERSION = YES;
				CLANG_WARN_DEPRECATED_OBJC_IMPLEMENTATIONS = YES;
				CLANG_WARN_DIRECT_OBJC_ISA_USAGE = YES_ERROR;
				CLANG_WARN_DOCUMENTATION_COMMENTS = YES;
				CLANG_WARN_EMPTY_BODY = YES;
				CLANG_WARN_ENUM_CONVERSION = YES;
				CLANG_WARN_INFINITE_RECURSION = YES;
				CLANG_WARN_INT_CONVERSION = YES;
				CLANG_WARN_NON_LITERAL_NULL_CONVERSION = YES;
				CLANG_WARN_OBJC_IMPLICIT_RETAIN_SELF = YES;
				CLANG_WARN_OBJC_LITERAL_CONVERSION = YES;
				CLANG_WARN_OBJC_ROOT_CLASS = YES_ERROR;
				CLANG_WARN_QUOTED_INCLUDE_IN_FRAMEWORK_HEADER = YES;
				CLANG_WARN_RANGE_LOOP_ANALYSIS = YES;
				CLANG_WARN_STRICT_PROTOTYPES = YES;
				CLANG_WARN_SUSPICIOUS_MOVE = YES;
				CLANG_WARN_UNGUARDED_AVAILABILITY = YES_AGGRESSIVE;
				CLANG_WARN_UNREACHABLE_CODE = YES;
				CLANG_WARN__DUPLICATE_METHOD_MATCH = YES;
				COPY_PHASE_STRIP = NO;
				DEBUG_INFORMATION_FORMAT = dwarf;
				ENABLE_STRICT_OBJC_MSGSEND = YES;
				ENABLE_TESTABILITY = YES;
				GCC_C_LANGUAGE_STANDARD = gnu11;
				GCC_DYNAMIC_NO_PIC = NO;
				GCC_NO_COMMON_BLOCKS = YES;
				GCC_OPTIMIZATION_LEVEL = 0;
				GCC_PREPROCESSOR_DEFINITIONS = (
					"DEBUG=1",
					"$(inherited)",
				);
				GCC_WARN_64_TO_32_BIT_CONVERSION = YES;
				GCC_WARN_ABOUT_RETURN_TYPE = YES_ERROR;
				GCC_WARN_UNDECLARED_SELECTOR = YES;
				GCC_WARN_UNINITIALIZED_AUTOS = YES_AGGRESSIVE;
				GCC_WARN_UNUSED_FUNCTION = YES;
				GCC_WARN_UNUSED_VARIABLE = YES;
				IPHONEOS_DEPLOYMENT_TARGET = 14.1;
				MTL_ENABLE_DEBUG_INFO = INCLUDE_SOURCE;
				MTL_FAST_MATH = YES;
				ONLY_ACTIVE_ARCH = YES;
				SDKROOT = iphoneos;
				SWIFT_ACTIVE_COMPILATION_CONDITIONS = DEBUG;
				SWIFT_OPTIMIZATION_LEVEL = "-Onone";
			};
			name = Debug;
		};
		4A7BEA012549C590003C8449 /* Release */ = {
			isa = XCBuildConfiguration;
			buildSettings = {
				ALWAYS_SEARCH_USER_PATHS = NO;
				CLANG_ANALYZER_NONNULL = YES;
				CLANG_ANALYZER_NUMBER_OBJECT_CONVERSION = YES_AGGRESSIVE;
				CLANG_CXX_LANGUAGE_STANDARD = "gnu++14";
				CLANG_CXX_LIBRARY = "libc++";
				CLANG_ENABLE_MODULES = YES;
				CLANG_ENABLE_OBJC_ARC = YES;
				CLANG_ENABLE_OBJC_WEAK = YES;
				CLANG_WARN_BLOCK_CAPTURE_AUTORELEASING = YES;
				CLANG_WARN_BOOL_CONVERSION = YES;
				CLANG_WARN_COMMA = YES;
				CLANG_WARN_CONSTANT_CONVERSION = YES;
				CLANG_WARN_DEPRECATED_OBJC_IMPLEMENTATIONS = YES;
				CLANG_WARN_DIRECT_OBJC_ISA_USAGE = YES_ERROR;
				CLANG_WARN_DOCUMENTATION_COMMENTS = YES;
				CLANG_WARN_EMPTY_BODY = YES;
				CLANG_WARN_ENUM_CONVERSION = YES;
				CLANG_WARN_INFINITE_RECURSION = YES;
				CLANG_WARN_INT_CONVERSION = YES;
				CLANG_WARN_NON_LITERAL_NULL_CONVERSION = YES;
				CLANG_WARN_OBJC_IMPLICIT_RETAIN_SELF = YES;
				CLANG_WARN_OBJC_LITERAL_CONVERSION = YES;
				CLANG_WARN_OBJC_ROOT_CLASS = YES_ERROR;
				CLANG_WARN_QUOTED_INCLUDE_IN_FRAMEWORK_HEADER = YES;
				CLANG_WARN_RANGE_LOOP_ANALYSIS = YES;
				CLANG_WARN_STRICT_PROTOTYPES = YES;
				CLANG_WARN_SUSPICIOUS_MOVE = YES;
				CLANG_WARN_UNGUARDED_AVAILABILITY = YES_AGGRESSIVE;
				CLANG_WARN_UNREACHABLE_CODE = YES;
				CLANG_WARN__DUPLICATE_METHOD_MATCH = YES;
				COPY_PHASE_STRIP = NO;
				DEBUG_INFORMATION_FORMAT = "dwarf-with-dsym";
				ENABLE_NS_ASSERTIONS = NO;
				ENABLE_STRICT_OBJC_MSGSEND = YES;
				GCC_C_LANGUAGE_STANDARD = gnu11;
				GCC_NO_COMMON_BLOCKS = YES;
				GCC_WARN_64_TO_32_BIT_CONVERSION = YES;
				GCC_WARN_ABOUT_RETURN_TYPE = YES_ERROR;
				GCC_WARN_UNDECLARED_SELECTOR = YES;
				GCC_WARN_UNINITIALIZED_AUTOS = YES_AGGRESSIVE;
				GCC_WARN_UNUSED_FUNCTION = YES;
				GCC_WARN_UNUSED_VARIABLE = YES;
				IPHONEOS_DEPLOYMENT_TARGET = 14.1;
				MTL_ENABLE_DEBUG_INFO = NO;
				MTL_FAST_MATH = YES;
				SDKROOT = iphoneos;
				SWIFT_COMPILATION_MODE = wholemodule;
				SWIFT_OPTIMIZATION_LEVEL = "-O";
				VALIDATE_PRODUCT = YES;
			};
			name = Release;
		};
		4A7BEA032549C590003C8449 /* Debug */ = {
			isa = XCBuildConfiguration;
			buildSettings = {
				ASSETCATALOG_COMPILER_APPICON_NAME = AppIcon;
				ASSETCATALOG_COMPILER_GLOBAL_ACCENT_COLOR_NAME = AccentColor;
				CODE_SIGN_STYLE = Automatic;
				DEVELOPMENT_TEAM = ZR27PNJX93;
				INFOPLIST_FILE = "Magic Paper/Info.plist";
				LD_RUNPATH_SEARCH_PATHS = (
					"$(inherited)",
					"@executable_path/Frameworks",
				);
				PRODUCT_BUNDLE_IDENTIFIER = "com.HarryWright.Magic-Paper";
				PRODUCT_NAME = "$(TARGET_NAME)";
				SWIFT_VERSION = 5.0;
				TARGETED_DEVICE_FAMILY = "1,2";
			};
			name = Debug;
		};
		4A7BEA042549C590003C8449 /* Release */ = {
			isa = XCBuildConfiguration;
			buildSettings = {
				ASSETCATALOG_COMPILER_APPICON_NAME = AppIcon;
				ASSETCATALOG_COMPILER_GLOBAL_ACCENT_COLOR_NAME = AccentColor;
				CODE_SIGN_STYLE = Automatic;
				DEVELOPMENT_TEAM = ZR27PNJX93;
				INFOPLIST_FILE = "Magic Paper/Info.plist";
				LD_RUNPATH_SEARCH_PATHS = (
					"$(inherited)",
					"@executable_path/Frameworks",
				);
				PRODUCT_BUNDLE_IDENTIFIER = "com.HarryWright.Magic-Paper";
				PRODUCT_NAME = "$(TARGET_NAME)";
				SWIFT_VERSION = 5.0;
				TARGETED_DEVICE_FAMILY = "1,2";
			};
			name = Release;
		};
		4A7BEA062549C590003C8449 /* Debug */ = {
			isa = XCBuildConfiguration;
			buildSettings = {
				ALWAYS_EMBED_SWIFT_STANDARD_LIBRARIES = YES;
				BUNDLE_LOADER = "$(TEST_HOST)";
				CODE_SIGN_STYLE = Automatic;
				DEVELOPMENT_TEAM = ZR27PNJX93;
				INFOPLIST_FILE = "Magic PaperTests/Info.plist";
				IPHONEOS_DEPLOYMENT_TARGET = 14.1;
				LD_RUNPATH_SEARCH_PATHS = (
					"$(inherited)",
					"@executable_path/Frameworks",
					"@loader_path/Frameworks",
				);
				PRODUCT_BUNDLE_IDENTIFIER = "com.HarryWright.Magic-PaperTests";
				PRODUCT_NAME = "$(TARGET_NAME)";
				SWIFT_VERSION = 5.0;
				TARGETED_DEVICE_FAMILY = "1,2";
				TEST_HOST = "$(BUILT_PRODUCTS_DIR)/Magic Paper.app/Magic Paper";
			};
			name = Debug;
		};
		4A7BEA072549C590003C8449 /* Release */ = {
			isa = XCBuildConfiguration;
			buildSettings = {
				ALWAYS_EMBED_SWIFT_STANDARD_LIBRARIES = YES;
				BUNDLE_LOADER = "$(TEST_HOST)";
				CODE_SIGN_STYLE = Automatic;
				DEVELOPMENT_TEAM = ZR27PNJX93;
				INFOPLIST_FILE = "Magic PaperTests/Info.plist";
				IPHONEOS_DEPLOYMENT_TARGET = 14.1;
				LD_RUNPATH_SEARCH_PATHS = (
					"$(inherited)",
					"@executable_path/Frameworks",
					"@loader_path/Frameworks",
				);
				PRODUCT_BUNDLE_IDENTIFIER = "com.HarryWright.Magic-PaperTests";
				PRODUCT_NAME = "$(TARGET_NAME)";
				SWIFT_VERSION = 5.0;
				TARGETED_DEVICE_FAMILY = "1,2";
				TEST_HOST = "$(BUILT_PRODUCTS_DIR)/Magic Paper.app/Magic Paper";
			};
			name = Release;
		};
		4A7BEA092549C590003C8449 /* Debug */ = {
			isa = XCBuildConfiguration;
			buildSettings = {
				ALWAYS_EMBED_SWIFT_STANDARD_LIBRARIES = YES;
				CODE_SIGN_STYLE = Automatic;
				DEVELOPMENT_TEAM = ZR27PNJX93;
				INFOPLIST_FILE = "Magic PaperUITests/Info.plist";
				LD_RUNPATH_SEARCH_PATHS = (
					"$(inherited)",
					"@executable_path/Frameworks",
					"@loader_path/Frameworks",
				);
				PRODUCT_BUNDLE_IDENTIFIER = "com.HarryWright.Magic-PaperUITests";
				PRODUCT_NAME = "$(TARGET_NAME)";
				SWIFT_VERSION = 5.0;
				TARGETED_DEVICE_FAMILY = "1,2";
				TEST_TARGET_NAME = "Magic Paper";
			};
			name = Debug;
		};
		4A7BEA0A2549C590003C8449 /* Release */ = {
			isa = XCBuildConfiguration;
			buildSettings = {
				ALWAYS_EMBED_SWIFT_STANDARD_LIBRARIES = YES;
				CODE_SIGN_STYLE = Automatic;
				DEVELOPMENT_TEAM = ZR27PNJX93;
				INFOPLIST_FILE = "Magic PaperUITests/Info.plist";
				LD_RUNPATH_SEARCH_PATHS = (
					"$(inherited)",
					"@executable_path/Frameworks",
					"@loader_path/Frameworks",
				);
				PRODUCT_BUNDLE_IDENTIFIER = "com.HarryWright.Magic-PaperUITests";
				PRODUCT_NAME = "$(TARGET_NAME)";
				SWIFT_VERSION = 5.0;
				TARGETED_DEVICE_FAMILY = "1,2";
				TEST_TARGET_NAME = "Magic Paper";
			};
			name = Release;
		};
/* End XCBuildConfiguration section */

/* Begin XCConfigurationList section */
		4A7BE9D32549C58B003C8449 /* Build configuration list for PBXProject "Magic Paper" */ = {
			isa = XCConfigurationList;
			buildConfigurations = (
				4A7BEA002549C590003C8449 /* Debug */,
				4A7BEA012549C590003C8449 /* Release */,
			);
			defaultConfigurationIsVisible = 0;
			defaultConfigurationName = Release;
		};
		4A7BEA022549C590003C8449 /* Build configuration list for PBXNativeTarget "Magic Paper" */ = {
			isa = XCConfigurationList;
			buildConfigurations = (
				4A7BEA032549C590003C8449 /* Debug */,
				4A7BEA042549C590003C8449 /* Release */,
			);
			defaultConfigurationIsVisible = 0;
			defaultConfigurationName = Release;
		};
		4A7BEA052549C590003C8449 /* Build configuration list for PBXNativeTarget "Magic PaperTests" */ = {
			isa = XCConfigurationList;
			buildConfigurations = (
				4A7BEA062549C590003C8449 /* Debug */,
				4A7BEA072549C590003C8449 /* Release */,
			);
			defaultConfigurationIsVisible = 0;
			defaultConfigurationName = Release;
		};
		4A7BEA082549C590003C8449 /* Build configuration list for PBXNativeTarget "Magic PaperUITests" */ = {
			isa = XCConfigurationList;
			buildConfigurations = (
				4A7BEA092549C590003C8449 /* Debug */,
				4A7BEA0A2549C590003C8449 /* Release */,
			);
			defaultConfigurationIsVisible = 0;
			defaultConfigurationName = Release;
		};
/* End XCConfigurationList section */
	};
	rootObject = 4A7BE9D02549C58B003C8449 /* Project object */;
}
